
Microsoft Visual Studio Solution File, Format Version 12.00
# Visual Studio Version 17
VisualStudioVersion = 17.3.32825.248
MinimumVisualStudioVersion = 10.0.40219.1
Project("{FAE04EC0-301F-11D3-BF4B-00C04F79EFBC}") = "menustrip", "menustrip\menustrip.csproj", "{3CBE54E7-EC54-43D9-94D6-9DF6F275B4EE}"
EndProject
Global
	GlobalSection(SolutionConfigurationPlatforms) = preSolution
		Debug|Any CPU = Debug|Any CPU
		Release|Any CPU = Release|Any CPU
	EndGlobalSection
	GlobalSection(ProjectConfigurationPlatforms) = postSolution
		{3CBE54E7-EC54-43D9-94D6-9DF6F275B4EE}.Debug|Any CPU.ActiveCfg = Debug|Any CPU
		{3CBE54E7-EC54-43D9-94D6-9DF6F275B4EE}.Debug|Any CPU.Build.0 = Debug|Any CPU
		{3CBE54E7-EC54-43D9-94D6-9DF6F275B4EE}.Release|Any CPU.ActiveCfg = Release|Any CPU
		{3CBE54E7-EC54-43D9-94D6-9DF6F275B4EE}.Release|Any CPU.Build.0 = Release|Any CPU
	EndGlobalSection
	GlobalSection(SolutionProperties) = preSolution
		HideSolutionNode = FALSE
	EndGlobalSection
	GlobalSection(ExtensibilityGlobals) = postSolution
		SolutionGuid = {63888F1B-548C-4AEA-8B35-3C9F9FCFA8D5}
	EndGlobalSection
EndGlobal
